
Microsoft Visual Studio Solution File, Format Version 12.00
# Visual Studio Version 17
VisualStudioVersion = 17.8.34316.72
MinimumVisualStudioVersion = 10.0.40219.1
Project("{FAE04EC0-301F-11D3-BF4B-00C04F79EFBC}") = "testeTrintaTreis", "testeTrintaTreis\testeTrintaTreis.csproj", "{8394F1B8-C463-4994-B89B-54B99024A11D}"
EndProject
Global
	GlobalSection(SolutionConfigurationPlatforms) = preSolution
		Debug|Any CPU = Debug|Any CPU
		Release|Any CPU = Release|Any CPU
	EndGlobalSection
	GlobalSection(ProjectConfigurationPlatforms) = postSolution
		{8394F1B8-C463-4994-B89B-54B99024A11D}.Debug|Any CPU.ActiveCfg = Debug|Any CPU
		{8394F1B8-C463-4994-B89B-54B99024A11D}.Debug|Any CPU.Build.0 = Debug|Any CPU
		{8394F1B8-C463-4994-B89B-54B99024A11D}.Release|Any CPU.ActiveCfg = Release|Any CPU
		{8394F1B8-C463-4994-B89B-54B99024A11D}.Release|Any CPU.Build.0 = Release|Any CPU
	EndGlobalSection
	GlobalSection(SolutionProperties) = preSolution
		HideSolutionNode = FALSE
	EndGlobalSection
	GlobalSection(ExtensibilityGlobals) = postSolution
		SolutionGuid = {33DA39DB-DA27-4278-81E8-1E8C205F4C5C}
	EndGlobalSection
EndGlobal
