
Microsoft Visual Studio Solution File, Format Version 12.00
# Visual Studio Version 17
VisualStudioVersion = 17.8.34316.72
MinimumVisualStudioVersion = 10.0.40219.1
Project("{FAE04EC0-301F-11D3-BF4B-00C04F79EFBC}") = "testeCinquentaSete", "testeCinquentaSete\testeCinquentaSete.csproj", "{4A915DFC-AED9-4570-89B3-6F228B4D2476}"
EndProject
Global
	GlobalSection(SolutionConfigurationPlatforms) = preSolution
		Debug|Any CPU = Debug|Any CPU
		Release|Any CPU = Release|Any CPU
	EndGlobalSection
	GlobalSection(ProjectConfigurationPlatforms) = postSolution
		{4A915DFC-AED9-4570-89B3-6F228B4D2476}.Debug|Any CPU.ActiveCfg = Debug|Any CPU
		{4A915DFC-AED9-4570-89B3-6F228B4D2476}.Debug|Any CPU.Build.0 = Debug|Any CPU
		{4A915DFC-AED9-4570-89B3-6F228B4D2476}.Release|Any CPU.ActiveCfg = Release|Any CPU
		{4A915DFC-AED9-4570-89B3-6F228B4D2476}.Release|Any CPU.Build.0 = Release|Any CPU
	EndGlobalSection
	GlobalSection(SolutionProperties) = preSolution
		HideSolutionNode = FALSE
	EndGlobalSection
	GlobalSection(ExtensibilityGlobals) = postSolution
		SolutionGuid = {3D764D76-B694-460A-BE0E-67EF77584D47}
	EndGlobalSection
EndGlobal
