
Microsoft Visual Studio Solution File, Format Version 12.00
# Visual Studio Version 17
VisualStudioVersion = 17.8.34316.72
MinimumVisualStudioVersion = 10.0.40219.1
Project("{FAE04EC0-301F-11D3-BF4B-00C04F79EFBC}") = "testeDoze", "testeDoze\testeDoze.csproj", "{B76D657E-C863-4544-A69F-F2B11423EDC1}"
EndProject
Global
	GlobalSection(SolutionConfigurationPlatforms) = preSolution
		Debug|Any CPU = Debug|Any CPU
		Release|Any CPU = Release|Any CPU
	EndGlobalSection
	GlobalSection(ProjectConfigurationPlatforms) = postSolution
		{B76D657E-C863-4544-A69F-F2B11423EDC1}.Debug|Any CPU.ActiveCfg = Debug|Any CPU
		{B76D657E-C863-4544-A69F-F2B11423EDC1}.Debug|Any CPU.Build.0 = Debug|Any CPU
		{B76D657E-C863-4544-A69F-F2B11423EDC1}.Release|Any CPU.ActiveCfg = Release|Any CPU
		{B76D657E-C863-4544-A69F-F2B11423EDC1}.Release|Any CPU.Build.0 = Release|Any CPU
	EndGlobalSection
	GlobalSection(SolutionProperties) = preSolution
		HideSolutionNode = FALSE
	EndGlobalSection
	GlobalSection(ExtensibilityGlobals) = postSolution
		SolutionGuid = {8AE7CDA5-E77F-4D5D-B903-57A65A06ECD9}
	EndGlobalSection
EndGlobal
