
Microsoft Visual Studio Solution File, Format Version 12.00
# Visual Studio Version 17
VisualStudioVersion = 17.8.34316.72
MinimumVisualStudioVersion = 10.0.40219.1
Project("{FAE04EC0-301F-11D3-BF4B-00C04F79EFBC}") = "testeQuarentaQuinze", "testeQuarentaQuinze\testeQuarentaQuinze.csproj", "{E10BA87E-A3C6-4C04-BC6F-EA439B46525B}"
EndProject
Global
	GlobalSection(SolutionConfigurationPlatforms) = preSolution
		Debug|Any CPU = Debug|Any CPU
		Release|Any CPU = Release|Any CPU
	EndGlobalSection
	GlobalSection(ProjectConfigurationPlatforms) = postSolution
		{E10BA87E-A3C6-4C04-BC6F-EA439B46525B}.Debug|Any CPU.ActiveCfg = Debug|Any CPU
		{E10BA87E-A3C6-4C04-BC6F-EA439B46525B}.Debug|Any CPU.Build.0 = Debug|Any CPU
		{E10BA87E-A3C6-4C04-BC6F-EA439B46525B}.Release|Any CPU.ActiveCfg = Release|Any CPU
		{E10BA87E-A3C6-4C04-BC6F-EA439B46525B}.Release|Any CPU.Build.0 = Release|Any CPU
	EndGlobalSection
	GlobalSection(SolutionProperties) = preSolution
		HideSolutionNode = FALSE
	EndGlobalSection
	GlobalSection(ExtensibilityGlobals) = postSolution
		SolutionGuid = {5790F93F-9CFF-4950-865A-A8FB5FAD4E95}
	EndGlobalSection
EndGlobal
