
Microsoft Visual Studio Solution File, Format Version 12.00
# Visual Studio Version 17
VisualStudioVersion = 17.8.34316.72
MinimumVisualStudioVersion = 10.0.40219.1
Project("{FAE04EC0-301F-11D3-BF4B-00C04F79EFBC}") = "testeOito", "testeOito\testeOito.csproj", "{D9142287-AB03-438C-AA17-71135C99540A}"
EndProject
Global
	GlobalSection(SolutionConfigurationPlatforms) = preSolution
		Debug|Any CPU = Debug|Any CPU
		Release|Any CPU = Release|Any CPU
	EndGlobalSection
	GlobalSection(ProjectConfigurationPlatforms) = postSolution
		{D9142287-AB03-438C-AA17-71135C99540A}.Debug|Any CPU.ActiveCfg = Debug|Any CPU
		{D9142287-AB03-438C-AA17-71135C99540A}.Debug|Any CPU.Build.0 = Debug|Any CPU
		{D9142287-AB03-438C-AA17-71135C99540A}.Release|Any CPU.ActiveCfg = Release|Any CPU
		{D9142287-AB03-438C-AA17-71135C99540A}.Release|Any CPU.Build.0 = Release|Any CPU
	EndGlobalSection
	GlobalSection(SolutionProperties) = preSolution
		HideSolutionNode = FALSE
	EndGlobalSection
	GlobalSection(ExtensibilityGlobals) = postSolution
		SolutionGuid = {52C97EE5-3BD6-4810-B54D-281CEF720009}
	EndGlobalSection
EndGlobal
