
Microsoft Visual Studio Solution File, Format Version 12.00
# Visual Studio Version 17
VisualStudioVersion = 17.8.34316.72
MinimumVisualStudioVersion = 10.0.40219.1
Project("{FAE04EC0-301F-11D3-BF4B-00C04F79EFBC}") = "testeSete", "testeSete\testeSete.csproj", "{00E3E2FB-7FBB-4505-96AA-A0BD470A24B1}"
EndProject
Global
	GlobalSection(SolutionConfigurationPlatforms) = preSolution
		Debug|Any CPU = Debug|Any CPU
		Release|Any CPU = Release|Any CPU
	EndGlobalSection
	GlobalSection(ProjectConfigurationPlatforms) = postSolution
		{00E3E2FB-7FBB-4505-96AA-A0BD470A24B1}.Debug|Any CPU.ActiveCfg = Debug|Any CPU
		{00E3E2FB-7FBB-4505-96AA-A0BD470A24B1}.Debug|Any CPU.Build.0 = Debug|Any CPU
		{00E3E2FB-7FBB-4505-96AA-A0BD470A24B1}.Release|Any CPU.ActiveCfg = Release|Any CPU
		{00E3E2FB-7FBB-4505-96AA-A0BD470A24B1}.Release|Any CPU.Build.0 = Release|Any CPU
	EndGlobalSection
	GlobalSection(SolutionProperties) = preSolution
		HideSolutionNode = FALSE
	EndGlobalSection
	GlobalSection(ExtensibilityGlobals) = postSolution
		SolutionGuid = {10A4FFD9-49A2-4CE9-A29F-D804B83E5435}
	EndGlobalSection
EndGlobal
