
Microsoft Visual Studio Solution File, Format Version 12.00
# Visual Studio Version 17
VisualStudioVersion = 17.8.34316.72
MinimumVisualStudioVersion = 10.0.40219.1
Project("{FAE04EC0-301F-11D3-BF4B-00C04F79EFBC}") = "testeCinquentaOito", "testeCinquentaOito\testeCinquentaOito.csproj", "{98CEFFFE-81F0-4A21-8313-78D558D0A8DB}"
EndProject
Global
	GlobalSection(SolutionConfigurationPlatforms) = preSolution
		Debug|Any CPU = Debug|Any CPU
		Release|Any CPU = Release|Any CPU
	EndGlobalSection
	GlobalSection(ProjectConfigurationPlatforms) = postSolution
		{98CEFFFE-81F0-4A21-8313-78D558D0A8DB}.Debug|Any CPU.ActiveCfg = Debug|Any CPU
		{98CEFFFE-81F0-4A21-8313-78D558D0A8DB}.Debug|Any CPU.Build.0 = Debug|Any CPU
		{98CEFFFE-81F0-4A21-8313-78D558D0A8DB}.Release|Any CPU.ActiveCfg = Release|Any CPU
		{98CEFFFE-81F0-4A21-8313-78D558D0A8DB}.Release|Any CPU.Build.0 = Release|Any CPU
	EndGlobalSection
	GlobalSection(SolutionProperties) = preSolution
		HideSolutionNode = FALSE
	EndGlobalSection
	GlobalSection(ExtensibilityGlobals) = postSolution
		SolutionGuid = {46C68972-CC39-4823-92A2-D6B41E067774}
	EndGlobalSection
EndGlobal
