
Microsoft Visual Studio Solution File, Format Version 12.00
# Visual Studio Version 17
VisualStudioVersion = 17.8.34316.72
MinimumVisualStudioVersion = 10.0.40219.1
Project("{FAE04EC0-301F-11D3-BF4B-00C04F79EFBC}") = "testeTres", "testeTres\testeTres.csproj", "{EE44E661-32B7-4D02-B1E8-9739A2BF2815}"
EndProject
Global
	GlobalSection(SolutionConfigurationPlatforms) = preSolution
		Debug|Any CPU = Debug|Any CPU
		Release|Any CPU = Release|Any CPU
	EndGlobalSection
	GlobalSection(ProjectConfigurationPlatforms) = postSolution
		{EE44E661-32B7-4D02-B1E8-9739A2BF2815}.Debug|Any CPU.ActiveCfg = Debug|Any CPU
		{EE44E661-32B7-4D02-B1E8-9739A2BF2815}.Debug|Any CPU.Build.0 = Debug|Any CPU
		{EE44E661-32B7-4D02-B1E8-9739A2BF2815}.Release|Any CPU.ActiveCfg = Release|Any CPU
		{EE44E661-32B7-4D02-B1E8-9739A2BF2815}.Release|Any CPU.Build.0 = Release|Any CPU
	EndGlobalSection
	GlobalSection(SolutionProperties) = preSolution
		HideSolutionNode = FALSE
	EndGlobalSection
	GlobalSection(ExtensibilityGlobals) = postSolution
		SolutionGuid = {F5597025-EEE3-48F2-9011-F5F099C8329B}
	EndGlobalSection
EndGlobal
