
Microsoft Visual Studio Solution File, Format Version 12.00
# Visual Studio Version 17
VisualStudioVersion = 17.8.34316.72
MinimumVisualStudioVersion = 10.0.40219.1
Project("{FAE04EC0-301F-11D3-BF4B-00C04F79EFBC}") = "testeVinte", "testeVinte\testeVinte.csproj", "{100C072B-93E9-4AC1-BCBF-7844527322DF}"
EndProject
Global
	GlobalSection(SolutionConfigurationPlatforms) = preSolution
		Debug|Any CPU = Debug|Any CPU
		Release|Any CPU = Release|Any CPU
	EndGlobalSection
	GlobalSection(ProjectConfigurationPlatforms) = postSolution
		{100C072B-93E9-4AC1-BCBF-7844527322DF}.Debug|Any CPU.ActiveCfg = Debug|Any CPU
		{100C072B-93E9-4AC1-BCBF-7844527322DF}.Debug|Any CPU.Build.0 = Debug|Any CPU
		{100C072B-93E9-4AC1-BCBF-7844527322DF}.Release|Any CPU.ActiveCfg = Release|Any CPU
		{100C072B-93E9-4AC1-BCBF-7844527322DF}.Release|Any CPU.Build.0 = Release|Any CPU
	EndGlobalSection
	GlobalSection(SolutionProperties) = preSolution
		HideSolutionNode = FALSE
	EndGlobalSection
	GlobalSection(ExtensibilityGlobals) = postSolution
		SolutionGuid = {C2A4BEAE-451D-4D46-88D3-7E8CC91C1DC5}
	EndGlobalSection
EndGlobal
