
Microsoft Visual Studio Solution File, Format Version 12.00
# Visual Studio Version 17
VisualStudioVersion = 17.8.34316.72
MinimumVisualStudioVersion = 10.0.40219.1
Project("{FAE04EC0-301F-11D3-BF4B-00C04F79EFBC}") = "testeVinteSeis", "testeVinteSeis\testeVinteSeis.csproj", "{6C6E1B0E-0979-4615-B3C1-B9FB3C9D475C}"
EndProject
Global
	GlobalSection(SolutionConfigurationPlatforms) = preSolution
		Debug|Any CPU = Debug|Any CPU
		Release|Any CPU = Release|Any CPU
	EndGlobalSection
	GlobalSection(ProjectConfigurationPlatforms) = postSolution
		{6C6E1B0E-0979-4615-B3C1-B9FB3C9D475C}.Debug|Any CPU.ActiveCfg = Debug|Any CPU
		{6C6E1B0E-0979-4615-B3C1-B9FB3C9D475C}.Debug|Any CPU.Build.0 = Debug|Any CPU
		{6C6E1B0E-0979-4615-B3C1-B9FB3C9D475C}.Release|Any CPU.ActiveCfg = Release|Any CPU
		{6C6E1B0E-0979-4615-B3C1-B9FB3C9D475C}.Release|Any CPU.Build.0 = Release|Any CPU
	EndGlobalSection
	GlobalSection(SolutionProperties) = preSolution
		HideSolutionNode = FALSE
	EndGlobalSection
	GlobalSection(ExtensibilityGlobals) = postSolution
		SolutionGuid = {DDD8F0BE-5336-44E3-9648-FEDE81784EA7}
	EndGlobalSection
EndGlobal
