
Microsoft Visual Studio Solution File, Format Version 12.00
# Visual Studio Version 17
VisualStudioVersion = 17.8.34316.72
MinimumVisualStudioVersion = 10.0.40219.1
Project("{FAE04EC0-301F-11D3-BF4B-00C04F79EFBC}") = "testeVinteNove", "testeVinteNove\testeVinteNove.csproj", "{6E9A02D7-729E-4E6E-90D6-DAEB43A51D0C}"
EndProject
Global
	GlobalSection(SolutionConfigurationPlatforms) = preSolution
		Debug|Any CPU = Debug|Any CPU
		Release|Any CPU = Release|Any CPU
	EndGlobalSection
	GlobalSection(ProjectConfigurationPlatforms) = postSolution
		{6E9A02D7-729E-4E6E-90D6-DAEB43A51D0C}.Debug|Any CPU.ActiveCfg = Debug|Any CPU
		{6E9A02D7-729E-4E6E-90D6-DAEB43A51D0C}.Debug|Any CPU.Build.0 = Debug|Any CPU
		{6E9A02D7-729E-4E6E-90D6-DAEB43A51D0C}.Release|Any CPU.ActiveCfg = Release|Any CPU
		{6E9A02D7-729E-4E6E-90D6-DAEB43A51D0C}.Release|Any CPU.Build.0 = Release|Any CPU
	EndGlobalSection
	GlobalSection(SolutionProperties) = preSolution
		HideSolutionNode = FALSE
	EndGlobalSection
	GlobalSection(ExtensibilityGlobals) = postSolution
		SolutionGuid = {302A1D57-5A1D-4C6A-80BD-3B52DB5CB134}
	EndGlobalSection
EndGlobal
