
Microsoft Visual Studio Solution File, Format Version 12.00
# Visual Studio Version 17
VisualStudioVersion = 17.8.34316.72
MinimumVisualStudioVersion = 10.0.40219.1
Project("{FAE04EC0-301F-11D3-BF4B-00C04F79EFBC}") = "testeDois", "testeDois\testeDois.csproj", "{0CBEDA0F-B36A-403A-B15E-355294FFD82D}"
EndProject
Global
	GlobalSection(SolutionConfigurationPlatforms) = preSolution
		Debug|Any CPU = Debug|Any CPU
		Release|Any CPU = Release|Any CPU
	EndGlobalSection
	GlobalSection(ProjectConfigurationPlatforms) = postSolution
		{0CBEDA0F-B36A-403A-B15E-355294FFD82D}.Debug|Any CPU.ActiveCfg = Debug|Any CPU
		{0CBEDA0F-B36A-403A-B15E-355294FFD82D}.Debug|Any CPU.Build.0 = Debug|Any CPU
		{0CBEDA0F-B36A-403A-B15E-355294FFD82D}.Release|Any CPU.ActiveCfg = Release|Any CPU
		{0CBEDA0F-B36A-403A-B15E-355294FFD82D}.Release|Any CPU.Build.0 = Release|Any CPU
	EndGlobalSection
	GlobalSection(SolutionProperties) = preSolution
		HideSolutionNode = FALSE
	EndGlobalSection
	GlobalSection(ExtensibilityGlobals) = postSolution
		SolutionGuid = {73E0D2E8-8091-47E9-8B85-327F54E9F97D}
	EndGlobalSection
EndGlobal
