
Microsoft Visual Studio Solution File, Format Version 12.00
# Visual Studio Version 17
VisualStudioVersion = 17.8.34316.72
MinimumVisualStudioVersion = 10.0.40219.1
Project("{FAE04EC0-301F-11D3-BF4B-00C04F79EFBC}") = "testeCinquentaNove", "testeCinquentaNove\testeCinquentaNove.csproj", "{4EA1E9D7-8152-4087-9DCE-098E6446FFFD}"
EndProject
Global
	GlobalSection(SolutionConfigurationPlatforms) = preSolution
		Debug|Any CPU = Debug|Any CPU
		Release|Any CPU = Release|Any CPU
	EndGlobalSection
	GlobalSection(ProjectConfigurationPlatforms) = postSolution
		{4EA1E9D7-8152-4087-9DCE-098E6446FFFD}.Debug|Any CPU.ActiveCfg = Debug|Any CPU
		{4EA1E9D7-8152-4087-9DCE-098E6446FFFD}.Debug|Any CPU.Build.0 = Debug|Any CPU
		{4EA1E9D7-8152-4087-9DCE-098E6446FFFD}.Release|Any CPU.ActiveCfg = Release|Any CPU
		{4EA1E9D7-8152-4087-9DCE-098E6446FFFD}.Release|Any CPU.Build.0 = Release|Any CPU
	EndGlobalSection
	GlobalSection(SolutionProperties) = preSolution
		HideSolutionNode = FALSE
	EndGlobalSection
	GlobalSection(ExtensibilityGlobals) = postSolution
		SolutionGuid = {1220C083-83EF-4774-A563-AB36541171EB}
	EndGlobalSection
EndGlobal
