
Microsoft Visual Studio Solution File, Format Version 12.00
# Visual Studio Version 17
VisualStudioVersion = 17.8.34316.72
MinimumVisualStudioVersion = 10.0.40219.1
Project("{FAE04EC0-301F-11D3-BF4B-00C04F79EFBC}") = "testeQuarentaOito", "testeQuarentaOito\testeQuarentaOito.csproj", "{ACC8A250-9357-41FE-9634-E997ED5582FB}"
EndProject
Global
	GlobalSection(SolutionConfigurationPlatforms) = preSolution
		Debug|Any CPU = Debug|Any CPU
		Release|Any CPU = Release|Any CPU
	EndGlobalSection
	GlobalSection(ProjectConfigurationPlatforms) = postSolution
		{ACC8A250-9357-41FE-9634-E997ED5582FB}.Debug|Any CPU.ActiveCfg = Debug|Any CPU
		{ACC8A250-9357-41FE-9634-E997ED5582FB}.Debug|Any CPU.Build.0 = Debug|Any CPU
		{ACC8A250-9357-41FE-9634-E997ED5582FB}.Release|Any CPU.ActiveCfg = Release|Any CPU
		{ACC8A250-9357-41FE-9634-E997ED5582FB}.Release|Any CPU.Build.0 = Release|Any CPU
	EndGlobalSection
	GlobalSection(SolutionProperties) = preSolution
		HideSolutionNode = FALSE
	EndGlobalSection
	GlobalSection(ExtensibilityGlobals) = postSolution
		SolutionGuid = {455A88B2-4CAD-46CA-80F9-724E729D5332}
	EndGlobalSection
EndGlobal
